// !$*UTF8*$!
{
	archiveVersion = 1;
	classes = {
	};
	objectVersion = 55;
	objects = {

/* Begin PBXBuildFile section */
		7C947FCC27FE2C8B0051ABEB /* SampleData.swift in Sources */ = {isa = PBXBuildFile; fileRef = 7C947FCB27FE2C8B0051ABEB /* SampleData.swift */; };
		7C947FCE2805F4600051ABEB /* StretchyHeaderViewController.swift in Sources */ = {isa = PBXBuildFile; fileRef = 7C947FCD2805F4600051ABEB /* StretchyHeaderViewController.swift */; };
		7C947FD02805FB930051ABEB /* Temp.storyboard in Resources */ = {isa = PBXBuildFile; fileRef = 7C947FCF2805FB930051ABEB /* Temp.storyboard */; };
		7C947FD22806F1070051ABEB /* MapPreviewViewController.swift in Sources */ = {isa = PBXBuildFile; fileRef = 7C947FD12806F1070051ABEB /* MapPreviewViewController.swift */; };
		7C947FFE281030170051ABEB /* V2GradWorkViewController.swift in Sources */ = {isa = PBXBuildFile; fileRef = 7C947FFD281030170051ABEB /* V2GradWorkViewController.swift */; };
		FC39559027E260D30060734C /* AppDelegate.swift in Sources */ = {isa = PBXBuildFile; fileRef = FC39558F27E260D30060734C /* AppDelegate.swift */; };
		FC39559227E260D30060734C /* SceneDelegate.swift in Sources */ = {isa = PBXBuildFile; fileRef = FC39559127E260D30060734C /* SceneDelegate.swift */; };
		FC39559427E260D30060734C /* ViewController.swift in Sources */ = {isa = PBXBuildFile; fileRef = FC39559327E260D30060734C /* ViewController.swift */; };
		FC39559727E260D30060734C /* Main.storyboard in Resources */ = {isa = PBXBuildFile; fileRef = FC39559527E260D30060734C /* Main.storyboard */; };
		FC39559927E260D50060734C /* Assets.xcassets in Resources */ = {isa = PBXBuildFile; fileRef = FC39559827E260D50060734C /* Assets.xcassets */; };
		FC39559C27E260D50060734C /* LaunchScreen.storyboard in Resources */ = {isa = PBXBuildFile; fileRef = FC39559A27E260D50060734C /* LaunchScreen.storyboard */; };
		FC8E10B327F4C41D00EEBC75 /* PopupView.xib in Resources */ = {isa = PBXBuildFile; fileRef = FC8E10B227F4C41D00EEBC75 /* PopupView.xib */; };
		FC8E10B527F4C48600EEBC75 /* V2PopupTestViewController.swift in Sources */ = {isa = PBXBuildFile; fileRef = FC8E10B427F4C48600EEBC75 /* V2PopupTestViewController.swift */; };
		FC8E10D727F63C7F00EEBC75 /* Sizing.storyboard in Resources */ = {isa = PBXBuildFile; fileRef = FC8E10D627F63C7F00EEBC75 /* Sizing.storyboard */; };
		FC8E110A28006F0400EEBC75 /* ColViewXibCell.xib in Resources */ = {isa = PBXBuildFile; fileRef = FC8E110928006F0400EEBC75 /* ColViewXibCell.xib */; };
		FCD4E31E2807609200808073 /* V2FollowPathViewController.swift in Sources */ = {isa = PBXBuildFile; fileRef = FCD4E31D2807609200808073 /* V2FollowPathViewController.swift */; };
		FCD4E32028085EB200808073 /* NavTransViewController.swift in Sources */ = {isa = PBXBuildFile; fileRef = FCD4E31F28085EB200808073 /* NavTransViewController.swift */; };
		FCD4E3222808709000808073 /* 20x45-Model.pdf in Resources */ = {isa = PBXBuildFile; fileRef = FCD4E3212808709000808073 /* 20x45-Model.pdf */; };
		FCD4E3242808800E00808073 /* us-states-map.pdf in Resources */ = {isa = PBXBuildFile; fileRef = FCD4E3232808800E00808073 /* us-states-map.pdf */; };
		FCD4E34C280C550800808073 /* TableStuffViewController.swift in Sources */ = {isa = PBXBuildFile; fileRef = FCD4E34B280C550800808073 /* TableStuffViewController.swift */; };
		FCD4E35628119D9500808073 /* TabBarWorkViewController.swift in Sources */ = {isa = PBXBuildFile; fileRef = FCD4E35528119D9500808073 /* TabBarWorkViewController.swift */; };
		FCD4E35828119E3500808073 /* Tabs.storyboard in Resources */ = {isa = PBXBuildFile; fileRef = FCD4E35728119E3500808073 /* Tabs.storyboard */; };
/* End PBXBuildFile section */

/* Begin PBXFileReference section */
		7C947FCB27FE2C8B0051ABEB /* SampleData.swift */ = {isa = PBXFileReference; fileEncoding = 4; lastKnownFileType = sourcecode.swift; path = SampleData.swift; sourceTree = "<group>"; };
		7C947FCD2805F4600051ABEB /* StretchyHeaderViewController.swift */ = {isa = PBXFileReference; lastKnownFileType = sourcecode.swift; path = StretchyHeaderViewController.swift; sourceTree = "<group>"; };
		7C947FCF2805FB930051ABEB /* Temp.storyboard */ = {isa = PBXFileReference; lastKnownFileType = file.storyboard; path = Temp.storyboard; sourceTree = "<group>"; };
		7C947FD12806F1070051ABEB /* MapPreviewViewController.swift */ = {isa = PBXFileReference; lastKnownFileType = sourcecode.swift; path = MapPreviewViewController.swift; sourceTree = "<group>"; };
		7C947FFD281030170051ABEB /* V2GradWorkViewController.swift */ = {isa = PBXFileReference; lastKnownFileType = sourcecode.swift; path = V2GradWorkViewController.swift; sourceTree = "<group>"; };
		FC39558C27E260D30060734C /* MoreScratch.app */ = {isa = PBXFileReference; explicitFileType = wrapper.application; includeInIndex = 0; path = MoreScratch.app; sourceTree = BUILT_PRODUCTS_DIR; };
		FC39558F27E260D30060734C /* AppDelegate.swift */ = {isa = PBXFileReference; lastKnownFileType = sourcecode.swift; path = AppDelegate.swift; sourceTree = "<group>"; };
		FC39559127E260D30060734C /* SceneDelegate.swift */ = {isa = PBXFileReference; lastKnownFileType = sourcecode.swift; path = SceneDelegate.swift; sourceTree = "<group>"; };
		FC39559327E260D30060734C /* ViewController.swift */ = {isa = PBXFileReference; lastKnownFileType = sourcecode.swift; path = ViewController.swift; sourceTree = "<group>"; };
		FC39559627E260D30060734C /* Base */ = {isa = PBXFileReference; lastKnownFileType = file.storyboard; name = Base; path = Base.lproj/Main.storyboard; sourceTree = "<group>"; };
		FC39559827E260D50060734C /* Assets.xcassets */ = {isa = PBXFileReference; lastKnownFileType = folder.assetcatalog; path = Assets.xcassets; sourceTree = "<group>"; };
		FC39559B27E260D50060734C /* Base */ = {isa = PBXFileReference; lastKnownFileType = file.storyboard; name = Base; path = Base.lproj/LaunchScreen.storyboard; sourceTree = "<group>"; };
		FC39559D27E260D50060734C /* Info.plist */ = {isa = PBXFileReference; lastKnownFileType = text.plist.xml; path = Info.plist; sourceTree = "<group>"; };
		FC8E10B227F4C41D00EEBC75 /* PopupView.xib */ = {isa = PBXFileReference; lastKnownFileType = file.xib; path = PopupView.xib; sourceTree = "<group>"; };
		FC8E10B427F4C48600EEBC75 /* V2PopupTestViewController.swift */ = {isa = PBXFileReference; lastKnownFileType = sourcecode.swift; path = V2PopupTestViewController.swift; sourceTree = "<group>"; };
		FC8E10D627F63C7F00EEBC75 /* Sizing.storyboard */ = {isa = PBXFileReference; lastKnownFileType = file.storyboard; path = Sizing.storyboard; sourceTree = "<group>"; };
		FC8E110928006F0400EEBC75 /* ColViewXibCell.xib */ = {isa = PBXFileReference; lastKnownFileType = file.xib; path = ColViewXibCell.xib; sourceTree = "<group>"; };
		FCD4E31D2807609200808073 /* V2FollowPathViewController.swift */ = {isa = PBXFileReference; lastKnownFileType = sourcecode.swift; path = V2FollowPathViewController.swift; sourceTree = "<group>"; };
		FCD4E31F28085EB200808073 /* NavTransViewController.swift */ = {isa = PBXFileReference; lastKnownFileType = sourcecode.swift; path = NavTransViewController.swift; sourceTree = "<group>"; };
		FCD4E3212808709000808073 /* 20x45-Model.pdf */ = {isa = PBXFileReference; lastKnownFileType = image.pdf; path = "20x45-Model.pdf"; sourceTree = "<group>"; };
		FCD4E3232808800E00808073 /* us-states-map.pdf */ = {isa = PBXFileReference; lastKnownFileType = image.pdf; path = "us-states-map.pdf"; sourceTree = "<group>"; };
		FCD4E34B280C550800808073 /* TableStuffViewController.swift */ = {isa = PBXFileReference; lastKnownFileType = sourcecode.swift; path = TableStuffViewController.swift; sourceTree = "<group>"; };
		FCD4E35528119D9500808073 /* TabBarWorkViewController.swift */ = {isa = PBXFileReference; lastKnownFileType = sourcecode.swift; path = TabBarWorkViewController.swift; sourceTree = "<group>"; };
		FCD4E35728119E3500808073 /* Tabs.storyboard */ = {isa = PBXFileReference; lastKnownFileType = file.storyboard; path = Tabs.storyboard; sourceTree = "<group>"; };
/* End PBXFileReference section */

/* Begin PBXFrameworksBuildPhase section */
		FC39558927E260D30060734C /* Frameworks */ = {
			isa = PBXFrameworksBuildPhase;
			buildActionMask = 2147483647;
			files = (
			);
			runOnlyForDeploymentPostprocessing = 0;
		};
/* End PBXFrameworksBuildPhase section */

/* Begin PBXGroup section */
		FC39558327E260D30060734C = {
			isa = PBXGroup;
			children = (
				FC39558E27E260D30060734C /* MoreScratch */,
				FC39558D27E260D30060734C /* Products */,
			);
			sourceTree = "<group>";
		};
		FC39558D27E260D30060734C /* Products */ = {
			isa = PBXGroup;
			children = (
				FC39558C27E260D30060734C /* MoreScratch.app */,
			);
			name = Products;
			sourceTree = "<group>";
		};
		FC39558E27E260D30060734C /* MoreScratch */ = {
			isa = PBXGroup;
			children = (
				FC39558F27E260D30060734C /* AppDelegate.swift */,
				FC39559127E260D30060734C /* SceneDelegate.swift */,
				FC39559327E260D30060734C /* ViewController.swift */,
				FC39559527E260D30060734C /* Main.storyboard */,
				FC8E10B227F4C41D00EEBC75 /* PopupView.xib */,
				FC8E10D627F63C7F00EEBC75 /* Sizing.storyboard */,
				7C947FCB27FE2C8B0051ABEB /* SampleData.swift */,
				FC8E10B427F4C48600EEBC75 /* V2PopupTestViewController.swift */,
				FC8E110928006F0400EEBC75 /* ColViewXibCell.xib */,
				7C947FCD2805F4600051ABEB /* StretchyHeaderViewController.swift */,
				FCD4E31D2807609200808073 /* V2FollowPathViewController.swift */,
				7C947FCF2805FB930051ABEB /* Temp.storyboard */,
				7C947FD12806F1070051ABEB /* MapPreviewViewController.swift */,
				FCD4E31F28085EB200808073 /* NavTransViewController.swift */,
				FCD4E34B280C550800808073 /* TableStuffViewController.swift */,
				7C947FFD281030170051ABEB /* V2GradWorkViewController.swift */,
				FCD4E35528119D9500808073 /* TabBarWorkViewController.swift */,
				FCD4E35728119E3500808073 /* Tabs.storyboard */,
				FCD4E3212808709000808073 /* 20x45-Model.pdf */,
				FCD4E3232808800E00808073 /* us-states-map.pdf */,
				FC39559827E260D50060734C /* Assets.xcassets */,
				FC39559A27E260D50060734C /* LaunchScreen.storyboard */,
				FC39559D27E260D50060734C /* Info.plist */,
			);
			path = MoreScratch;
			sourceTree = "<group>";
		};
/* End PBXGroup section */

/* Begin PBXNativeTarget section */
		FC39558B27E260D30060734C /* MoreScratch */ = {
			isa = PBXNativeTarget;
			buildConfigurationList = FC3955A027E260D50060734C /* Build configuration list for PBXNativeTarget "MoreScratch" */;
			buildPhases = (
				FC39558827E260D30060734C /* Sources */,
				FC39558927E260D30060734C /* Frameworks */,
				FC39558A27E260D30060734C /* Resources */,
			);
			buildRules = (
			);
			dependencies = (
			);
			name = MoreScratch;
			productName = MoreScratch;
			productReference = FC39558C27E260D30060734C /* MoreScratch.app */;
			productType = "com.apple.product-type.application";
		};
/* End PBXNativeTarget section */

/* Begin PBXProject section */
		FC39558427E260D30060734C /* Project object */ = {
			isa = PBXProject;
			attributes = {
				BuildIndependentTargetsInParallel = 1;
				LastSwiftUpdateCheck = 1320;
				LastUpgradeCheck = 1320;
				TargetAttributes = {
					FC39558B27E260D30060734C = {
						CreatedOnToolsVersion = 13.2.1;
					};
				};
			};
			buildConfigurationList = FC39558727E260D30060734C /* Build configuration list for PBXProject "MoreScratch" */;
			compatibilityVersion = "Xcode 13.0";
			developmentRegion = en;
			hasScannedForEncodings = 0;
			knownRegions = (
				en,
				Base,
			);
			mainGroup = FC39558327E260D30060734C;
			productRefGroup = FC39558D27E260D30060734C /* Products */;
			projectDirPath = "";
			projectRoot = "";
			targets = (
				FC39558B27E260D30060734C /* MoreScratch */,
			);
		};
/* End PBXProject section */

/* Begin PBXResourcesBuildPhase section */
		FC39558A27E260D30060734C /* Resources */ = {
			isa = PBXResourcesBuildPhase;
			buildActionMask = 2147483647;
			files = (
				FCD4E3222808709000808073 /* 20x45-Model.pdf in Resources */,
				FC39559C27E260D50060734C /* LaunchScreen.storyboard in Resources */,
				FCD4E35828119E3500808073 /* Tabs.storyboard in Resources */,
				FC8E10D727F63C7F00EEBC75 /* Sizing.storyboard in Resources */,
				FC8E10B327F4C41D00EEBC75 /* PopupView.xib in Resources */,
				FC8E110A28006F0400EEBC75 /* ColViewXibCell.xib in Resources */,
				FC39559927E260D50060734C /* Assets.xcassets in Resources */,
				7C947FD02805FB930051ABEB /* Temp.storyboard in Resources */,
				FC39559727E260D30060734C /* Main.storyboard in Resources */,
				FCD4E3242808800E00808073 /* us-states-map.pdf in Resources */,
			);
			runOnlyForDeploymentPostprocessing = 0;
		};
/* End PBXResourcesBuildPhase section */

/* Begin PBXSourcesBuildPhase section */
		FC39558827E260D30060734C /* Sources */ = {
			isa = PBXSourcesBuildPhase;
			buildActionMask = 2147483647;
			files = (
				FCD4E31E2807609200808073 /* V2FollowPathViewController.swift in Sources */,
				FC39559427E260D30060734C /* ViewController.swift in Sources */,
				7C947FFE281030170051ABEB /* V2GradWorkViewController.swift in Sources */,
				FC39559027E260D30060734C /* AppDelegate.swift in Sources */,
				7C947FD22806F1070051ABEB /* MapPreviewViewController.swift in Sources */,
				FC39559227E260D30060734C /* SceneDelegate.swift in Sources */,
				7C947FCE2805F4600051ABEB /* StretchyHeaderViewController.swift in Sources */,
				FCD4E35628119D9500808073 /* TabBarWorkViewController.swift in Sources */,
				FCD4E32028085EB200808073 /* NavTransViewController.swift in Sources */,
				7C947FCC27FE2C8B0051ABEB /* SampleData.swift in Sources */,
				FCD4E34C280C550800808073 /* TableStuffViewController.swift in Sources */,
				FC8E10B527F4C48600EEBC75 /* V2PopupTestViewController.swift in Sources */,
			);
			runOnlyForDeploymentPostprocessing = 0;
		};
/* End PBXSourcesBuildPhase section */

/* Begin PBXVariantGroup section */
		FC39559527E260D30060734C /* Main.storyboard */ = {
			isa = PBXVariantGroup;
			children = (
				FC39559627E260D30060734C /* Base */,
			);
			name = Main.storyboard;
			sourceTree = "<group>";
		};
		FC39559A27E260D50060734C /* LaunchScreen.storyboard */ = {
			isa = PBXVariantGroup;
			children = (
				FC39559B27E260D50060734C /* Base */,
			);
			name = LaunchScreen.storyboard;
			sourceTree = "<group>";
		};
/* End PBXVariantGroup section */

/* Begin XCBuildConfiguration section */
		FC39559E27E260D50060734C /* Debug */ = {
			isa = XCBuildConfiguration;
			buildSettings = {
				ALWAYS_SEARCH_USER_PATHS = NO;
				CLANG_ANALYZER_NONNULL = YES;
				CLANG_ANALYZER_NUMBER_OBJECT_CONVERSION = YES_AGGRESSIVE;
				CLANG_CXX_LANGUAGE_STANDARD = "gnu++17";
				CLANG_CXX_LIBRARY = "libc++";
				CLANG_ENABLE_MODULES = YES;
				CLANG_ENABLE_OBJC_ARC = YES;
				CLANG_ENABLE_OBJC_WEAK = YES;
				CLANG_WARN_BLOCK_CAPTURE_AUTORELEASING = YES;
				CLANG_WARN_BOOL_CONVERSION = YES;
				CLANG_WARN_COMMA = YES;
				CLANG_WARN_CONSTANT_CONVERSION = YES;
				CLANG_WARN_DEPRECATED_OBJC_IMPLEMENTATIONS = YES;
				CLANG_WARN_DIRECT_OBJC_ISA_USAGE = YES_ERROR;
				CLANG_WARN_DOCUMENTATION_COMMENTS = YES;
				CLANG_WARN_EMPTY_BODY = YES;
				CLANG_WARN_ENUM_CONVERSION = YES;
				CLANG_WARN_INFINITE_RECURSION = YES;
				CLANG_WARN_INT_CONVERSION = YES;
				CLANG_WARN_NON_LITERAL_NULL_CONVERSION = YES;
				CLANG_WARN_OBJC_IMPLICIT_RETAIN_SELF = YES;
				CLANG_WARN_OBJC_LITERAL_CONVERSION = YES;
				CLANG_WARN_OBJC_ROOT_CLASS = YES_ERROR;
				CLANG_WARN_QUOTED_INCLUDE_IN_FRAMEWORK_HEADER = YES;
				CLANG_WARN_RANGE_LOOP_ANALYSIS = YES;
				CLANG_WARN_STRICT_PROTOTYPES = YES;
				CLANG_WARN_SUSPICIOUS_MOVE = YES;
				CLANG_WARN_UNGUARDED_AVAILABILITY = YES_AGGRESSIVE;
				CLANG_WARN_UNREACHABLE_CODE = YES;
				CLANG_WARN__DUPLICATE_METHOD_MATCH = YES;
				COPY_PHASE_STRIP = NO;
				DEBUG_INFORMATION_FORMAT = dwarf;
				ENABLE_STRICT_OBJC_MSGSEND = YES;
				ENABLE_TESTABILITY = YES;
				GCC_C_LANGUAGE_STANDARD = gnu11;
				GCC_DYNAMIC_NO_PIC = NO;
				GCC_NO_COMMON_BLOCKS = YES;
				GCC_OPTIMIZATION_LEVEL = 0;
				GCC_PREPROCESSOR_DEFINITIONS = (
					"DEBUG=1",
					"$(inherited)",
				);
				GCC_WARN_64_TO_32_BIT_CONVERSION = YES;
				GCC_WARN_ABOUT_RETURN_TYPE = YES_ERROR;
				GCC_WARN_UNDECLARED_SELECTOR = YES;
				GCC_WARN_UNINITIALIZED_AUTOS = YES_AGGRESSIVE;
				GCC_WARN_UNUSED_FUNCTION = YES;
				GCC_WARN_UNUSED_VARIABLE = YES;
				IPHONEOS_DEPLOYMENT_TARGET = 15.0;
				MTL_ENABLE_DEBUG_INFO = INCLUDE_SOURCE;
				MTL_FAST_MATH = YES;
				ONLY_ACTIVE_ARCH = YES;
				SDKROOT = iphoneos;
				SWIFT_ACTIVE_COMPILATION_CONDITIONS = DEBUG;
				SWIFT_OPTIMIZATION_LEVEL = "-Onone";
			};
			name = Debug;
		};
		FC39559F27E260D50060734C /* Release */ = {
			isa = XCBuildConfiguration;
			buildSettings = {
				ALWAYS_SEARCH_USER_PATHS = NO;
				CLANG_ANALYZER_NONNULL = YES;
				CLANG_ANALYZER_NUMBER_OBJECT_CONVERSION = YES_AGGRESSIVE;
				CLANG_CXX_LANGUAGE_STANDARD = "gnu++17";
				CLANG_CXX_LIBRARY = "libc++";
				CLANG_ENABLE_MODULES = YES;
				CLANG_ENABLE_OBJC_ARC = YES;
				CLANG_ENABLE_OBJC_WEAK = YES;
				CLANG_WARN_BLOCK_CAPTURE_AUTORELEASING = YES;
				CLANG_WARN_BOOL_CONVERSION = YES;
				CLANG_WARN_COMMA = YES;
				CLANG_WARN_CONSTANT_CONVERSION = YES;
				CLANG_WARN_DEPRECATED_OBJC_IMPLEMENTATIONS = YES;
				CLANG_WARN_DIRECT_OBJC_ISA_USAGE = YES_ERROR;
				CLANG_WARN_DOCUMENTATION_COMMENTS = YES;
				CLANG_WARN_EMPTY_BODY = YES;
				CLANG_WARN_ENUM_CONVERSION = YES;
				CLANG_WARN_INFINITE_RECURSION = YES;
				CLANG_WARN_INT_CONVERSION = YES;
				CLANG_WARN_NON_LITERAL_NULL_CONVERSION = YES;
				CLANG_WARN_OBJC_IMPLICIT_RETAIN_SELF = YES;
				CLANG_WARN_OBJC_LITERAL_CONVERSION = YES;
				CLANG_WARN_OBJC_ROOT_CLASS = YES_ERROR;
				CLANG_WARN_QUOTED_INCLUDE_IN_FRAMEWORK_HEADER = YES;
				CLANG_WARN_RANGE_LOOP_ANALYSIS = YES;
				CLANG_WARN_STRICT_PROTOTYPES = YES;
				CLANG_WARN_SUSPICIOUS_MOVE = YES;
				CLANG_WARN_UNGUARDED_AVAILABILITY = YES_AGGRESSIVE;
				CLANG_WARN_UNREACHABLE_CODE = YES;
				CLANG_WARN__DUPLICATE_METHOD_MATCH = YES;
				COPY_PHASE_STRIP = NO;
				DEBUG_INFORMATION_FORMAT = "dwarf-with-dsym";
				ENABLE_NS_ASSERTIONS = NO;
				ENABLE_STRICT_OBJC_MSGSEND = YES;
				GCC_C_LANGUAGE_STANDARD = gnu11;
				GCC_NO_COMMON_BLOCKS = YES;
				GCC_WARN_64_TO_32_BIT_CONVERSION = YES;
				GCC_WARN_ABOUT_RETURN_TYPE = YES_ERROR;
				GCC_WARN_UNDECLARED_SELECTOR = YES;
				GCC_WARN_UNINITIALIZED_AUTOS = YES_AGGRESSIVE;
				GCC_WARN_UNUSED_FUNCTION = YES;
				GCC_WARN_UNUSED_VARIABLE = YES;
				IPHONEOS_DEPLOYMENT_TARGET = 15.0;
				MTL_ENABLE_DEBUG_INFO = NO;
				MTL_FAST_MATH = YES;
				SDKROOT = iphoneos;
				SWIFT_COMPILATION_MODE = wholemodule;
				SWIFT_OPTIMIZATION_LEVEL = "-O";
				VALIDATE_PRODUCT = YES;
			};
			name = Release;
		};
		FC3955A127E260D50060734C /* Debug */ = {
			isa = XCBuildConfiguration;
			buildSettings = {
				ASSETCATALOG_COMPILER_APPICON_NAME = AppIcon;
				ASSETCATALOG_COMPILER_GLOBAL_ACCENT_COLOR_NAME = AccentColor;
				CODE_SIGN_STYLE = Automatic;
				CURRENT_PROJECT_VERSION = 1;
				DEVELOPMENT_TEAM = TD2383UF5W;
				GENERATE_INFOPLIST_FILE = YES;
				INFOPLIST_FILE = MoreScratch/Info.plist;
				INFOPLIST_KEY_UIApplicationSupportsIndirectInputEvents = YES;
				INFOPLIST_KEY_UILaunchStoryboardName = LaunchScreen;
				INFOPLIST_KEY_UIMainStoryboardFile = Main;
				INFOPLIST_KEY_UISupportedInterfaceOrientations_iPad = "UIInterfaceOrientationPortrait UIInterfaceOrientationPortraitUpsideDown UIInterfaceOrientationLandscapeLeft UIInterfaceOrientationLandscapeRight";
				INFOPLIST_KEY_UISupportedInterfaceOrientations_iPhone = "UIInterfaceOrientationPortrait UIInterfaceOrientationLandscapeLeft UIInterfaceOrientationLandscapeRight";
				LD_RUNPATH_SEARCH_PATHS = (
					"$(inherited)",
					"@executable_path/Frameworks",
				);
				MARKETING_VERSION = 1.0;
				PRODUCT_BUNDLE_IDENTIFIER = com.DonMag.MoreScratch;
				PRODUCT_NAME = "$(TARGET_NAME)";
				SWIFT_EMIT_LOC_STRINGS = YES;
				SWIFT_VERSION = 5.0;
				TARGETED_DEVICE_FAMILY = "1,2";
			};
			name = Debug;
		};
		FC3955A227E260D50060734C /* Release */ = {
			isa = XCBuildConfiguration;
			buildSettings = {
				ASSETCATALOG_COMPILER_APPICON_NAME = AppIcon;
				ASSETCATALOG_COMPILER_GLOBAL_ACCENT_COLOR_NAME = AccentColor;
				CODE_SIGN_STYLE = Automatic;
				CURRENT_PROJECT_VERSION = 1;
				DEVELOPMENT_TEAM = TD2383UF5W;
				GENERATE_INFOPLIST_FILE = YES;
				INFOPLIST_FILE = MoreScratch/Info.plist;
				INFOPLIST_KEY_UIApplicationSupportsIndirectInputEvents = YES;
				INFOPLIST_KEY_UILaunchStoryboardName = LaunchScreen;
				INFOPLIST_KEY_UIMainStoryboardFile = Main;
				INFOPLIST_KEY_UISupportedInterfaceOrientations_iPad = "UIInterfaceOrientationPortrait UIInterfaceOrientationPortraitUpsideDown UIInterfaceOrientationLandscapeLeft UIInterfaceOrientationLandscapeRight";
				INFOPLIST_KEY_UISupportedInterfaceOrientations_iPhone = "UIInterfaceOrientationPortrait UIInterfaceOrientationLandscapeLeft UIInterfaceOrientationLandscapeRight";
				LD_RUNPATH_SEARCH_PATHS = (
					"$(inherited)",
					"@executable_path/Frameworks",
				);
				MARKETING_VERSION = 1.0;
				PRODUCT_BUNDLE_IDENTIFIER = com.DonMag.MoreScratch;
				PRODUCT_NAME = "$(TARGET_NAME)";
				SWIFT_EMIT_LOC_STRINGS = YES;
				SWIFT_VERSION = 5.0;
				TARGETED_DEVICE_FAMILY = "1,2";
			};
			name = Release;
		};
/* End XCBuildConfiguration section */

/* Begin XCConfigurationList section */
		FC39558727E260D30060734C /* Build configuration list for PBXProject "MoreScratch" */ = {
			isa = XCConfigurationList;
			buildConfigurations = (
				FC39559E27E260D50060734C /* Debug */,
				FC39559F27E260D50060734C /* Release */,
			);
			defaultConfigurationIsVisible = 0;
			defaultConfigurationName = Release;
		};
		FC3955A027E260D50060734C /* Build configuration list for PBXNativeTarget "MoreScratch" */ = {
			isa = XCConfigurationList;
			buildConfigurations = (
				FC3955A127E260D50060734C /* Debug */,
				FC3955A227E260D50060734C /* Release */,
			);
			defaultConfigurationIsVisible = 0;
			defaultConfigurationName = Release;
		};
/* End XCConfigurationList section */
	};
	rootObject = FC39558427E260D30060734C /* Project object */;
}
